
Microsoft Visual Studio Solution File, Format Version 12.00
# Visual Studio Version 17
VisualStudioVersion = 17.0.31903.59
MinimumVisualStudioVersion = 10.0.40219.1
Project("{2150E333-8FDC-42A3-9474-1A3956D46DE8}") = "src", "src", "{827E0CD3-B72D-47B6-A68D-7590B98EB39B}"
EndProject
Project("{2150E333-8FDC-42A3-9474-1A3956D46DE8}") = "ProFinder.Domain", "ProFinder.Domain", "{359546BF-40C9-748D-3599-07BBD419D195}"
EndProject
Project("{FAE04EC0-301F-11D3-BF4B-00C04F79EFBC}") = "ProFinder.Domain", "src\ProFinder.Domain\ProFinder.Domain\ProFinder.Domain.csproj", "{F9259EEA-7B04-4A0B-A5EC-A3A3BAFF69CC}"
EndProject
Project("{2150E333-8FDC-42A3-9474-1A3956D46DE8}") = "ProFinder.Application", "ProFinder.Application", "{BCA4A2CF-F148-AE10-6B7A-2962AF905C01}"
EndProject
Project("{FAE04EC0-301F-11D3-BF4B-00C04F79EFBC}") = "ProFinder.Application", "src\ProFinder.Application\ProFinder.Application\ProFinder.Application.csproj", "{7CD0429D-7100-4935-BDD4-E879154B005E}"
EndProject
Project("{2150E333-8FDC-42A3-9474-1A3956D46DE8}") = "ProFinder.Infrastructure", "ProFinder.Infrastructure", "{2B778C68-85D6-7BDA-8203-72E12F18937E}"
EndProject
Project("{FAE04EC0-301F-11D3-BF4B-00C04F79EFBC}") = "ProFinder.Infrastructure", "src\ProFinder.Infrastructure\ProFinder.Infrastructure\ProFinder.Infrastructure.csproj", "{938F71C6-6A03-4615-BAFB-1D2F041DA5CA}"
EndProject
Project("{2150E333-8FDC-42A3-9474-1A3956D46DE8}") = "ProFinder.Api", "ProFinder.Api", "{5A950C51-34B2-7158-A05B-19DFF8151F73}"
EndProject
Project("{FAE04EC0-301F-11D3-BF4B-00C04F79EFBC}") = "ProFinder.Api", "src\ProFinder.Api\ProFinder.Api\ProFinder.Api.csproj", "{5B5A1348-57FB-44AC-A0AA-2D3309A2955A}"
EndProject
Project("{2150E333-8FDC-42A3-9474-1A3956D46DE8}") = "ProFinder.Web", "ProFinder.Web", "{EED0D57B-AAB5-7170-0CE6-9522D401AAD6}"
EndProject
Project("{FAE04EC0-301F-11D3-BF4B-00C04F79EFBC}") = "ProFinder.Web", "src\ProFinder.Web\ProFinder.Web\ProFinder.Web.csproj", "{695AE3E5-50E1-46C3-9F9F-E3786A1A39A5}"
EndProject
Global
	GlobalSection(SolutionConfigurationPlatforms) = preSolution
		Debug|Any CPU = Debug|Any CPU
		Debug|x64 = Debug|x64
		Debug|x86 = Debug|x86
		Release|Any CPU = Release|Any CPU
		Release|x64 = Release|x64
		Release|x86 = Release|x86
	EndGlobalSection
	GlobalSection(ProjectConfigurationPlatforms) = postSolution
		{F9259EEA-7B04-4A0B-A5EC-A3A3BAFF69CC}.Debug|Any CPU.ActiveCfg = Debug|Any CPU
		{F9259EEA-7B04-4A0B-A5EC-A3A3BAFF69CC}.Debug|Any CPU.Build.0 = Debug|Any CPU
		{F9259EEA-7B04-4A0B-A5EC-A3A3BAFF69CC}.Debug|x64.ActiveCfg = Debug|Any CPU
		{F9259EEA-7B04-4A0B-A5EC-A3A3BAFF69CC}.Debug|x64.Build.0 = Debug|Any CPU
		{F9259EEA-7B04-4A0B-A5EC-A3A3BAFF69CC}.Debug|x86.ActiveCfg = Debug|Any CPU
		{F9259EEA-7B04-4A0B-A5EC-A3A3BAFF69CC}.Debug|x86.Build.0 = Debug|Any CPU
		{F9259EEA-7B04-4A0B-A5EC-A3A3BAFF69CC}.Release|Any CPU.ActiveCfg = Release|Any CPU
		{F9259EEA-7B04-4A0B-A5EC-A3A3BAFF69CC}.Release|Any CPU.Build.0 = Release|Any CPU
		{F9259EEA-7B04-4A0B-A5EC-A3A3BAFF69CC}.Release|x64.ActiveCfg = Release|Any CPU
		{F9259EEA-7B04-4A0B-A5EC-A3A3BAFF69CC}.Release|x64.Build.0 = Release|Any CPU
		{F9259EEA-7B04-4A0B-A5EC-A3A3BAFF69CC}.Release|x86.ActiveCfg = Release|Any CPU
		{F9259EEA-7B04-4A0B-A5EC-A3A3BAFF69CC}.Release|x86.Build.0 = Release|Any CPU
		{7CD0429D-7100-4935-BDD4-E879154B005E}.Debug|Any CPU.ActiveCfg = Debug|Any CPU
		{7CD0429D-7100-4935-BDD4-E879154B005E}.Debug|Any CPU.Build.0 = Debug|Any CPU
		{7CD0429D-7100-4935-BDD4-E879154B005E}.Debug|x64.ActiveCfg = Debug|Any CPU
		{7CD0429D-7100-4935-BDD4-E879154B005E}.Debug|x64.Build.0 = Debug|Any CPU
		{7CD0429D-7100-4935-BDD4-E879154B005E}.Debug|x86.ActiveCfg = Debug|Any CPU
		{7CD0429D-7100-4935-BDD4-E879154B005E}.Debug|x86.Build.0 = Debug|Any CPU
		{7CD0429D-7100-4935-BDD4-E879154B005E}.Release|Any CPU.ActiveCfg = Release|Any CPU
		{7CD0429D-7100-4935-BDD4-E879154B005E}.Release|Any CPU.Build.0 = Release|Any CPU
		{7CD0429D-7100-4935-BDD4-E879154B005E}.Release|x64.ActiveCfg = Release|Any CPU
		{7CD0429D-7100-4935-BDD4-E879154B005E}.Release|x64.Build.0 = Release|Any CPU
		{7CD0429D-7100-4935-BDD4-E879154B005E}.Release|x86.ActiveCfg = Release|Any CPU
		{7CD0429D-7100-4935-BDD4-E879154B005E}.Release|x86.Build.0 = Release|Any CPU
		{938F71C6-6A03-4615-BAFB-1D2F041DA5CA}.Debug|Any CPU.ActiveCfg = Debug|Any CPU
		{938F71C6-6A03-4615-BAFB-1D2F041DA5CA}.Debug|Any CPU.Build.0 = Debug|Any CPU
		{938F71C6-6A03-4615-BAFB-1D2F041DA5CA}.Debug|x64.ActiveCfg = Debug|Any CPU
		{938F71C6-6A03-4615-BAFB-1D2F041DA5CA}.Debug|x64.Build.0 = Debug|Any CPU
		{938F71C6-6A03-4615-BAFB-1D2F041DA5CA}.Debug|x86.ActiveCfg = Debug|Any CPU
		{938F71C6-6A03-4615-BAFB-1D2F041DA5CA}.Debug|x86.Build.0 = Debug|Any CPU
		{938F71C6-6A03-4615-BAFB-1D2F041DA5CA}.Release|Any CPU.ActiveCfg = Release|Any CPU
		{938F71C6-6A03-4615-BAFB-1D2F041DA5CA}.Release|Any CPU.Build.0 = Release|Any CPU
		{938F71C6-6A03-4615-BAFB-1D2F041DA5CA}.Release|x64.ActiveCfg = Release|Any CPU
		{938F71C6-6A03-4615-BAFB-1D2F041DA5CA}.Release|x64.Build.0 = Release|Any CPU
		{938F71C6-6A03-4615-BAFB-1D2F041DA5CA}.Release|x86.ActiveCfg = Release|Any CPU
		{938F71C6-6A03-4615-BAFB-1D2F041DA5CA}.Release|x86.Build.0 = Release|Any CPU
		{5B5A1348-57FB-44AC-A0AA-2D3309A2955A}.Debug|Any CPU.ActiveCfg = Debug|Any CPU
		{5B5A1348-57FB-44AC-A0AA-2D3309A2955A}.Debug|Any CPU.Build.0 = Debug|Any CPU
		{5B5A1348-57FB-44AC-A0AA-2D3309A2955A}.Debug|x64.ActiveCfg = Debug|Any CPU
		{5B5A1348-57FB-44AC-A0AA-2D3309A2955A}.Debug|x64.Build.0 = Debug|Any CPU
		{5B5A1348-57FB-44AC-A0AA-2D3309A2955A}.Debug|x86.ActiveCfg = Debug|Any CPU
		{5B5A1348-57FB-44AC-A0AA-2D3309A2955A}.Debug|x86.Build.0 = Debug|Any CPU
		{5B5A1348-57FB-44AC-A0AA-2D3309A2955A}.Release|Any CPU.ActiveCfg = Release|Any CPU
		{5B5A1348-57FB-44AC-A0AA-2D3309A2955A}.Release|Any CPU.Build.0 = Release|Any CPU
		{5B5A1348-57FB-44AC-A0AA-2D3309A2955A}.Release|x64.ActiveCfg = Release|Any CPU
		{5B5A1348-57FB-44AC-A0AA-2D3309A2955A}.Release|x64.Build.0 = Release|Any CPU
		{5B5A1348-57FB-44AC-A0AA-2D3309A2955A}.Release|x86.ActiveCfg = Release|Any CPU
		{5B5A1348-57FB-44AC-A0AA-2D3309A2955A}.Release|x86.Build.0 = Release|Any CPU
		{695AE3E5-50E1-46C3-9F9F-E3786A1A39A5}.Debug|Any CPU.ActiveCfg = Debug|Any CPU
		{695AE3E5-50E1-46C3-9F9F-E3786A1A39A5}.Debug|Any CPU.Build.0 = Debug|Any CPU
		{695AE3E5-50E1-46C3-9F9F-E3786A1A39A5}.Debug|x64.ActiveCfg = Debug|Any CPU
		{695AE3E5-50E1-46C3-9F9F-E3786A1A39A5}.Debug|x64.Build.0 = Debug|Any CPU
		{695AE3E5-50E1-46C3-9F9F-E3786A1A39A5}.Debug|x86.ActiveCfg = Debug|Any CPU
		{695AE3E5-50E1-46C3-9F9F-E3786A1A39A5}.Debug|x86.Build.0 = Debug|Any CPU
		{695AE3E5-50E1-46C3-9F9F-E3786A1A39A5}.Release|Any CPU.ActiveCfg = Release|Any CPU
		{695AE3E5-50E1-46C3-9F9F-E3786A1A39A5}.Release|Any CPU.Build.0 = Release|Any CPU
		{695AE3E5-50E1-46C3-9F9F-E3786A1A39A5}.Release|x64.ActiveCfg = Release|Any CPU
		{695AE3E5-50E1-46C3-9F9F-E3786A1A39A5}.Release|x64.Build.0 = Release|Any CPU
		{695AE3E5-50E1-46C3-9F9F-E3786A1A39A5}.Release|x86.ActiveCfg = Release|Any CPU
		{695AE3E5-50E1-46C3-9F9F-E3786A1A39A5}.Release|x86.Build.0 = Release|Any CPU
	EndGlobalSection
	GlobalSection(SolutionProperties) = preSolution
		HideSolutionNode = FALSE
	EndGlobalSection
	GlobalSection(NestedProjects) = preSolution
		{359546BF-40C9-748D-3599-07BBD419D195} = {827E0CD3-B72D-47B6-A68D-7590B98EB39B}
		{F9259EEA-7B04-4A0B-A5EC-A3A3BAFF69CC} = {359546BF-40C9-748D-3599-07BBD419D195}
		{BCA4A2CF-F148-AE10-6B7A-2962AF905C01} = {827E0CD3-B72D-47B6-A68D-7590B98EB39B}
		{7CD0429D-7100-4935-BDD4-E879154B005E} = {BCA4A2CF-F148-AE10-6B7A-2962AF905C01}
		{2B778C68-85D6-7BDA-8203-72E12F18937E} = {827E0CD3-B72D-47B6-A68D-7590B98EB39B}
		{938F71C6-6A03-4615-BAFB-1D2F041DA5CA} = {2B778C68-85D6-7BDA-8203-72E12F18937E}
		{5A950C51-34B2-7158-A05B-19DFF8151F73} = {827E0CD3-B72D-47B6-A68D-7590B98EB39B}
		{5B5A1348-57FB-44AC-A0AA-2D3309A2955A} = {5A950C51-34B2-7158-A05B-19DFF8151F73}
		{EED0D57B-AAB5-7170-0CE6-9522D401AAD6} = {827E0CD3-B72D-47B6-A68D-7590B98EB39B}
		{695AE3E5-50E1-46C3-9F9F-E3786A1A39A5} = {EED0D57B-AAB5-7170-0CE6-9522D401AAD6}
	EndGlobalSection
EndGlobal
